// !$*UTF8*$!
{
	archiveVersion = 1;
	classes = {
	};
	objectVersion = 50;
	objects = {

/* Begin PBXBuildFile section */
		BC2CAA7C23CF42B300E2FE1D /* AppDelegate.swift in Sources */ = {isa = PBXBuildFile; fileRef = BC2CAA7B23CF42B300E2FE1D /* AppDelegate.swift */; };
		BC2CAA7E23CF42B300E2FE1D /* SceneDelegate.swift in Sources */ = {isa = PBXBuildFile; fileRef = BC2CAA7D23CF42B300E2FE1D /* SceneDelegate.swift */; };
		BC2CAA8023CF42B300E2FE1D /* ContentView.swift in Sources */ = {isa = PBXBuildFile; fileRef = BC2CAA7F23CF42B300E2FE1D /* ContentView.swift */; };
		BC2CAA8223CF42B400E2FE1D /* Assets.xcassets in Resources */ = {isa = PBXBuildFile; fileRef = BC2CAA8123CF42B400E2FE1D /* Assets.xcassets */; };
		BC2CAA8523CF42B400E2FE1D /* Preview Assets.xcassets in Resources */ = {isa = PBXBuildFile; fileRef = BC2CAA8423CF42B400E2FE1D /* Preview Assets.xcassets */; };
		BC2CAA8823CF42B400E2FE1D /* LaunchScreen.storyboard in Resources */ = {isa = PBXBuildFile; fileRef = BC2CAA8623CF42B400E2FE1D /* LaunchScreen.storyboard */; };
/* End PBXBuildFile section */

/* Begin PBXFileReference section */
		BC2CAA7823CF42B300E2FE1D /* GesturesOnCards.app */ = {isa = PBXFileReference; explicitFileType = wrapper.application; includeInIndex = 0; path = GesturesOnCards.app; sourceTree = BUILT_PRODUCTS_DIR; };
		BC2CAA7B23CF42B300E2FE1D /* AppDelegate.swift */ = {isa = PBXFileReference; lastKnownFileType = sourcecode.swift; path = AppDelegate.swift; sourceTree = "<group>"; };
		BC2CAA7D23CF42B300E2FE1D /* SceneDelegate.swift */ = {isa = PBXFileReference; lastKnownFileType = sourcecode.swift; path = SceneDelegate.swift; sourceTree = "<group>"; };
		BC2CAA7F23CF42B300E2FE1D /* ContentView.swift */ = {isa = PBXFileReference; lastKnownFileType = sourcecode.swift; path = ContentView.swift; sourceTree = "<group>"; };
		BC2CAA8123CF42B400E2FE1D /* Assets.xcassets */ = {isa = PBXFileReference; lastKnownFileType = folder.assetcatalog; path = Assets.xcassets; sourceTree = "<group>"; };
		BC2CAA8423CF42B400E2FE1D /* Preview Assets.xcassets */ = {isa = PBXFileReference; lastKnownFileType = folder.assetcatalog; path = "Preview Assets.xcassets"; sourceTree = "<group>"; };
		BC2CAA8723CF42B400E2FE1D /* Base */ = {isa = PBXFileReference; lastKnownFileType = file.storyboard; name = Base; path = Base.lproj/LaunchScreen.storyboard; sourceTree = "<group>"; };
		BC2CAA8923CF42B400E2FE1D /* Info.plist */ = {isa = PBXFileReference; lastKnownFileType = text.plist.xml; path = Info.plist; sourceTree = "<group>"; };
/* End PBXFileReference section */

/* Begin PBXFrameworksBuildPhase section */
		BC2CAA7523CF42B300E2FE1D /* Frameworks */ = {
			isa = PBXFrameworksBuildPhase;
			buildActionMask = 2147483647;
			files = (
			);
			runOnlyForDeploymentPostprocessing = 0;
		};
/* End PBXFrameworksBuildPhase section */

/* Begin PBXGroup section */
		BC2CAA6F23CF42B300E2FE1D = {
			isa = PBXGroup;
			children = (
				BC2CAA7A23CF42B300E2FE1D /* GesturesOnCards */,
				BC2CAA7923CF42B300E2FE1D /* Products */,
			);
			sourceTree = "<group>";
		};
		BC2CAA7923CF42B300E2FE1D /* Products */ = {
			isa = PBXGroup;
			children = (
				BC2CAA7823CF42B300E2FE1D /* GesturesOnCards.app */,
			);
			name = Products;
			sourceTree = "<group>";
		};
		BC2CAA7A23CF42B300E2FE1D /* GesturesOnCards */ = {
			isa = PBXGroup;
			children = (
				BC2CAA7B23CF42B300E2FE1D /* AppDelegate.swift */,
				BC2CAA7D23CF42B300E2FE1D /* SceneDelegate.swift */,
				BC2CAA7F23CF42B300E2FE1D /* ContentView.swift */,
				BC2CAA8123CF42B400E2FE1D /* Assets.xcassets */,
				BC2CAA8623CF42B400E2FE1D /* LaunchScreen.storyboard */,
				BC2CAA8923CF42B400E2FE1D /* Info.plist */,
				BC2CAA8323CF42B400E2FE1D /* Preview Content */,
			);
			path = GesturesOnCards;
			sourceTree = "<group>";
		};
		BC2CAA8323CF42B400E2FE1D /* Preview Content */ = {
			isa = PBXGroup;
			children = (
				BC2CAA8423CF42B400E2FE1D /* Preview Assets.xcassets */,
			);
			path = "Preview Content";
			sourceTree = "<group>";
		};
/* End PBXGroup section */

/* Begin PBXNativeTarget section */
		BC2CAA7723CF42B300E2FE1D /* GesturesOnCards */ = {
			isa = PBXNativeTarget;
			buildConfigurationList = BC2CAA8C23CF42B400E2FE1D /* Build configuration list for PBXNativeTarget "GesturesOnCards" */;
			buildPhases = (
				BC2CAA7423CF42B300E2FE1D /* Sources */,
				BC2CAA7523CF42B300E2FE1D /* Frameworks */,
				BC2CAA7623CF42B300E2FE1D /* Resources */,
			);
			buildRules = (
			);
			dependencies = (
			);
			name = GesturesOnCards;
			productName = GesturesOnCards;
			productReference = BC2CAA7823CF42B300E2FE1D /* GesturesOnCards.app */;
			productType = "com.apple.product-type.application";
		};
/* End PBXNativeTarget section */

/* Begin PBXProject section */
		BC2CAA7023CF42B300E2FE1D /* Project object */ = {
			isa = PBXProject;
			attributes = {
				LastSwiftUpdateCheck = 1130;
				LastUpgradeCheck = 1130;
				ORGANIZATIONNAME = "Vadiraj Hippargi";
				TargetAttributes = {
					BC2CAA7723CF42B300E2FE1D = {
						CreatedOnToolsVersion = 11.3.1;
					};
				};
			};
			buildConfigurationList = BC2CAA7323CF42B300E2FE1D /* Build configuration list for PBXProject "GesturesOnCards" */;
			compatibilityVersion = "Xcode 9.3";
			developmentRegion = en;
			hasScannedForEncodings = 0;
			knownRegions = (
				en,
				Base,
			);
			mainGroup = BC2CAA6F23CF42B300E2FE1D;
			productRefGroup = BC2CAA7923CF42B300E2FE1D /* Products */;
			projectDirPath = "";
			projectRoot = "";
			targets = (
				BC2CAA7723CF42B300E2FE1D /* GesturesOnCards */,
			);
		};
/* End PBXProject section */

/* Begin PBXResourcesBuildPhase section */
		BC2CAA7623CF42B300E2FE1D /* Resources */ = {
			isa = PBXResourcesBuildPhase;
			buildActionMask = 2147483647;
			files = (
				BC2CAA8823CF42B400E2FE1D /* LaunchScreen.storyboard in Resources */,
				BC2CAA8523CF42B400E2FE1D /* Preview Assets.xcassets in Resources */,
				BC2CAA8223CF42B400E2FE1D /* Assets.xcassets in Resources */,
			);
			runOnlyForDeploymentPostprocessing = 0;
		};
/* End PBXResourcesBuildPhase section */

/* Begin PBXSourcesBuildPhase section */
		BC2CAA7423CF42B300E2FE1D /* Sources */ = {
			isa = PBXSourcesBuildPhase;
			buildActionMask = 2147483647;
			files = (
				BC2CAA7C23CF42B300E2FE1D /* AppDelegate.swift in Sources */,
				BC2CAA7E23CF42B300E2FE1D /* SceneDelegate.swift in Sources */,
				BC2CAA8023CF42B300E2FE1D /* ContentView.swift in Sources */,
			);
			runOnlyForDeploymentPostprocessing = 0;
		};
/* End PBXSourcesBuildPhase section */

/* Begin PBXVariantGroup section */
		BC2CAA8623CF42B400E2FE1D /* LaunchScreen.storyboard */ = {
			isa = PBXVariantGroup;
			children = (
				BC2CAA8723CF42B400E2FE1D /* Base */,
			);
			name = LaunchScreen.storyboard;
			sourceTree = "<group>";
		};
/* End PBXVariantGroup section */

/* Begin XCBuildConfiguration section */
		BC2CAA8A23CF42B400E2FE1D /* Debug */ = {
			isa = XCBuildConfiguration;
			buildSettings = {
				ALWAYS_SEARCH_USER_PATHS = NO;
				CLANG_ANALYZER_NONNULL = YES;
				CLANG_ANALYZER_NUMBER_OBJECT_CONVERSION = YES_AGGRESSIVE;
				CLANG_CXX_LANGUAGE_STANDARD = "gnu++14";
				CLANG_CXX_LIBRARY = "libc++";
				CLANG_ENABLE_MODULES = YES;
				CLANG_ENABLE_OBJC_ARC = YES;
				CLANG_ENABLE_OBJC_WEAK = YES;
				CLANG_WARN_BLOCK_CAPTURE_AUTORELEASING = YES;
				CLANG_WARN_BOOL_CONVERSION = YES;
				CLANG_WARN_COMMA = YES;
				CLANG_WARN_CONSTANT_CONVERSION = YES;
				CLANG_WARN_DEPRECATED_OBJC_IMPLEMENTATIONS = YES;
				CLANG_WARN_DIRECT_OBJC_ISA_USAGE = YES_ERROR;
				CLANG_WARN_DOCUMENTATION_COMMENTS = YES;
				CLANG_WARN_EMPTY_BODY = YES;
				CLANG_WARN_ENUM_CONVERSION = YES;
				CLANG_WARN_INFINITE_RECURSION = YES;
				CLANG_WARN_INT_CONVERSION = YES;
				CLANG_WARN_NON_LITERAL_NULL_CONVERSION = YES;
				CLANG_WARN_OBJC_IMPLICIT_RETAIN_SELF = YES;
				CLANG_WARN_OBJC_LITERAL_CONVERSION = YES;
				CLANG_WARN_OBJC_ROOT_CLASS = YES_ERROR;
				CLANG_WARN_RANGE_LOOP_ANALYSIS = YES;
				CLANG_WARN_STRICT_PROTOTYPES = YES;
				CLANG_WARN_SUSPICIOUS_MOVE = YES;
				CLANG_WARN_UNGUARDED_AVAILABILITY = YES_AGGRESSIVE;
				CLANG_WARN_UNREACHABLE_CODE = YES;
				CLANG_WARN__DUPLICATE_METHOD_MATCH = YES;
				COPY_PHASE_STRIP = NO;
				DEBUG_INFORMATION_FORMAT = dwarf;
				ENABLE_STRICT_OBJC_MSGSEND = YES;
				ENABLE_TESTABILITY = YES;
				GCC_C_LANGUAGE_STANDARD = gnu11;
				GCC_DYNAMIC_NO_PIC = NO;
				GCC_NO_COMMON_BLOCKS = YES;
				GCC_OPTIMIZATION_LEVEL = 0;
				GCC_PREPROCESSOR_DEFINITIONS = (
					"DEBUG=1",
					"$(inherited)",
				);
				GCC_WARN_64_TO_32_BIT_CONVERSION = YES;
				GCC_WARN_ABOUT_RETURN_TYPE = YES_ERROR;
				GCC_WARN_UNDECLARED_SELECTOR = YES;
				GCC_WARN_UNINITIALIZED_AUTOS = YES_AGGRESSIVE;
				GCC_WARN_UNUSED_FUNCTION = YES;
				GCC_WARN_UNUSED_VARIABLE = YES;
				IPHONEOS_DEPLOYMENT_TARGET = 13.2;
				MTL_ENABLE_DEBUG_INFO = INCLUDE_SOURCE;
				MTL_FAST_MATH = YES;
				ONLY_ACTIVE_ARCH = YES;
				SDKROOT = iphoneos;
				SWIFT_ACTIVE_COMPILATION_CONDITIONS = DEBUG;
				SWIFT_OPTIMIZATION_LEVEL = "-Onone";
			};
			name = Debug;
		};
		BC2CAA8B23CF42B400E2FE1D /* Release */ = {
			isa = XCBuildConfiguration;
			buildSettings = {
				ALWAYS_SEARCH_USER_PATHS = NO;
				CLANG_ANALYZER_NONNULL = YES;
				CLANG_ANALYZER_NUMBER_OBJECT_CONVERSION = YES_AGGRESSIVE;
				CLANG_CXX_LANGUAGE_STANDARD = "gnu++14";
				CLANG_CXX_LIBRARY = "libc++";
				CLANG_ENABLE_MODULES = YES;
				CLANG_ENABLE_OBJC_ARC = YES;
				CLANG_ENABLE_OBJC_WEAK = YES;
				CLANG_WARN_BLOCK_CAPTURE_AUTORELEASING = YES;
				CLANG_WARN_BOOL_CONVERSION = YES;
				CLANG_WARN_COMMA = YES;
				CLANG_WARN_CONSTANT_CONVERSION = YES;
				CLANG_WARN_DEPRECATED_OBJC_IMPLEMENTATIONS = YES;
				CLANG_WARN_DIRECT_OBJC_ISA_USAGE = YES_ERROR;
				CLANG_WARN_DOCUMENTATION_COMMENTS = YES;
				CLANG_WARN_EMPTY_BODY = YES;
				CLANG_WARN_ENUM_CONVERSION = YES;
				CLANG_WARN_INFINITE_RECURSION = YES;
				CLANG_WARN_INT_CONVERSION = YES;
				CLANG_WARN_NON_LITERAL_NULL_CONVERSION = YES;
				CLANG_WARN_OBJC_IMPLICIT_RETAIN_SELF = YES;
				CLANG_WARN_OBJC_LITERAL_CONVERSION = YES;
				CLANG_WARN_OBJC_ROOT_CLASS = YES_ERROR;
				CLANG_WARN_RANGE_LOOP_ANALYSIS = YES;
				CLANG_WARN_STRICT_PROTOTYPES = YES;
				CLANG_WARN_SUSPICIOUS_MOVE = YES;
				CLANG_WARN_UNGUARDED_AVAILABILITY = YES_AGGRESSIVE;
				CLANG_WARN_UNREACHABLE_CODE = YES;
				CLANG_WARN__DUPLICATE_METHOD_MATCH = YES;
				COPY_PHASE_STRIP = NO;
				DEBUG_INFORMATION_FORMAT = "dwarf-with-dsym";
				ENABLE_NS_ASSERTIONS = NO;
				ENABLE_STRICT_OBJC_MSGSEND = YES;
				GCC_C_LANGUAGE_STANDARD = gnu11;
				GCC_NO_COMMON_BLOCKS = YES;
				GCC_WARN_64_TO_32_BIT_CONVERSION = YES;
				GCC_WARN_ABOUT_RETURN_TYPE = YES_ERROR;
				GCC_WARN_UNDECLARED_SELECTOR = YES;
				GCC_WARN_UNINITIALIZED_AUTOS = YES_AGGRESSIVE;
				GCC_WARN_UNUSED_FUNCTION = YES;
				GCC_WARN_UNUSED_VARIABLE = YES;
				IPHONEOS_DEPLOYMENT_TARGET = 13.2;
				MTL_ENABLE_DEBUG_INFO = NO;
				MTL_FAST_MATH = YES;
				SDKROOT = iphoneos;
				SWIFT_COMPILATION_MODE = wholemodule;
				SWIFT_OPTIMIZATION_LEVEL = "-O";
				VALIDATE_PRODUCT = YES;
			};
			name = Release;
		};
		BC2CAA8D23CF42B400E2FE1D /* Debug */ = {
			isa = XCBuildConfiguration;
			buildSettings = {
				ASSETCATALOG_COMPILER_APPICON_NAME = AppIcon;
				CODE_SIGN_STYLE = Automatic;
				DEVELOPMENT_ASSET_PATHS = "\"GesturesOnCards/Preview Content\"";
				ENABLE_PREVIEWS = YES;
				INFOPLIST_FILE = GesturesOnCards/Info.plist;
				LD_RUNPATH_SEARCH_PATHS = (
					"$(inherited)",
					"@executable_path/Frameworks",
				);
				PRODUCT_BUNDLE_IDENTIFIER = "Leadconsultant-LLC.GesturesOnCards";
				PRODUCT_NAME = "$(TARGET_NAME)";
				SWIFT_VERSION = 5.0;
				TARGETED_DEVICE_FAMILY = "1,2";
			};
			name = Debug;
		};
		BC2CAA8E23CF42B400E2FE1D /* Release */ = {
			isa = XCBuildConfiguration;
			buildSettings = {
				ASSETCATALOG_COMPILER_APPICON_NAME = AppIcon;
				CODE_SIGN_STYLE = Automatic;
				DEVELOPMENT_ASSET_PATHS = "\"GesturesOnCards/Preview Content\"";
				ENABLE_PREVIEWS = YES;
				INFOPLIST_FILE = GesturesOnCards/Info.plist;
				LD_RUNPATH_SEARCH_PATHS = (
					"$(inherited)",
					"@executable_path/Frameworks",
				);
				PRODUCT_BUNDLE_IDENTIFIER = "Leadconsultant-LLC.GesturesOnCards";
				PRODUCT_NAME = "$(TARGET_NAME)";
				SWIFT_VERSION = 5.0;
				TARGETED_DEVICE_FAMILY = "1,2";
			};
			name = Release;
		};
/* End XCBuildConfiguration section */

/* Begin XCConfigurationList section */
		BC2CAA7323CF42B300E2FE1D /* Build configuration list for PBXProject "GesturesOnCards" */ = {
			isa = XCConfigurationList;
			buildConfigurations = (
				BC2CAA8A23CF42B400E2FE1D /* Debug */,
				BC2CAA8B23CF42B400E2FE1D /* Release */,
			);
			defaultConfigurationIsVisible = 0;
			defaultConfigurationName = Release;
		};
		BC2CAA8C23CF42B400E2FE1D /* Build configuration list for PBXNativeTarget "GesturesOnCards" */ = {
			isa = XCConfigurationList;
			buildConfigurations = (
				BC2CAA8D23CF42B400E2FE1D /* Debug */,
				BC2CAA8E23CF42B400E2FE1D /* Release */,
			);
			defaultConfigurationIsVisible = 0;
			defaultConfigurationName = Release;
		};
/* End XCConfigurationList section */
	};
	rootObject = BC2CAA7023CF42B300E2FE1D /* Project object */;
}
